
Microsoft Visual Studio Solution File, Format Version 12.00
# Visual Studio Version 17
VisualStudioVersion = 17.11.35327.3
MinimumVisualStudioVersion = 10.0.40219.1
Project("{FAE04EC0-301F-11D3-BF4B-00C04F79EFBC}") = "ZraTransformService", "ZraTransformService\ZraTransformService.csproj", "{24AB3307-4B6F-49AE-BDBE-D93D94730CBA}"
EndProject
Global
	GlobalSection(SolutionConfigurationPlatforms) = preSolution
		Debug|Any CPU = Debug|Any CPU
		Release|Any CPU = Release|Any CPU
	EndGlobalSection
	GlobalSection(ProjectConfigurationPlatforms) = postSolution
		{24AB3307-4B6F-49AE-BDBE-D93D94730CBA}.Debug|Any CPU.ActiveCfg = Debug|Any CPU
		{24AB3307-4B6F-49AE-BDBE-D93D94730CBA}.Debug|Any CPU.Build.0 = Debug|Any CPU
		{24AB3307-4B6F-49AE-BDBE-D93D94730CBA}.Release|Any CPU.ActiveCfg = Release|Any CPU
		{24AB3307-4B6F-49AE-BDBE-D93D94730CBA}.Release|Any CPU.Build.0 = Release|Any CPU
	EndGlobalSection
	GlobalSection(SolutionProperties) = preSolution
		HideSolutionNode = FALSE
	EndGlobalSection
	GlobalSection(ExtensibilityGlobals) = postSolution
		SolutionGuid = {B0833BE9-39A2-46FB-919A-96478366237A}
	EndGlobalSection
EndGlobal
